
Microsoft Visual Studio Solution File, Format Version 12.00
# Visual Studio Version 16
VisualStudioVersion = 25.0.1706.1
MinimumVisualStudioVersion = 10.0.40219.1
Project("{FAE04EC0-301F-11D3-BF4B-00C04F79EFBC}") = "CreekRiver", "CreekRiver.csproj", "{AD22AC82-120A-432C-B456-E4759FBB4A0A}"
EndProject
Global
	GlobalSection(SolutionConfigurationPlatforms) = preSolution
		Debug|Any CPU = Debug|Any CPU
		Release|Any CPU = Release|Any CPU
	EndGlobalSection
	GlobalSection(ProjectConfigurationPlatforms) = postSolution
		{AD22AC82-120A-432C-B456-E4759FBB4A0A}.Debug|Any CPU.ActiveCfg = Debug|Any CPU
		{AD22AC82-120A-432C-B456-E4759FBB4A0A}.Debug|Any CPU.Build.0 = Debug|Any CPU
		{AD22AC82-120A-432C-B456-E4759FBB4A0A}.Release|Any CPU.ActiveCfg = Release|Any CPU
		{AD22AC82-120A-432C-B456-E4759FBB4A0A}.Release|Any CPU.Build.0 = Release|Any CPU
	EndGlobalSection
	GlobalSection(SolutionProperties) = preSolution
		HideSolutionNode = FALSE
	EndGlobalSection
	GlobalSection(ExtensibilityGlobals) = postSolution
		SolutionGuid = {54FFF544-EED3-4D58-81DD-02EA9AE185C4}
	EndGlobalSection
EndGlobal
